
Microsoft Visual Studio Solution File, Format Version 12.00
# Visual Studio 15
VisualStudioVersion = 15.0.28307.489
MinimumVisualStudioVersion = 10.0.40219.1
Project("{FAE04EC0-301F-11D3-BF4B-00C04F79EFBC}") = "App_PCC.Android", "App_PCC\App_PCC.Android\App_PCC.Android.csproj", "{2A16BB2F-1FDE-4A92-B5FA-86B197A85A14}"
EndProject
Project("{FAE04EC0-301F-11D3-BF4B-00C04F79EFBC}") = "App_PCC.iOS", "App_PCC\App_PCC.iOS\App_PCC.iOS.csproj", "{A66EDF70-E230-4E42-B548-EE9775DEEC11}"
EndProject
Project("{FAE04EC0-301F-11D3-BF4B-00C04F79EFBC}") = "App_PCC", "App_PCC\App_PCC\App_PCC.csproj", "{B379D10C-4EF6-4552-BF8A-E4B3456BEBD7}"
EndProject
Global
	GlobalSection(SolutionConfigurationPlatforms) = preSolution
		Ad-Hoc|Any CPU = Ad-Hoc|Any CPU
		Ad-Hoc|iPhone = Ad-Hoc|iPhone
		Ad-Hoc|iPhoneSimulator = Ad-Hoc|iPhoneSimulator
		AppStore|Any CPU = AppStore|Any CPU
		AppStore|iPhone = AppStore|iPhone
		AppStore|iPhoneSimulator = AppStore|iPhoneSimulator
		Debug|Any CPU = Debug|Any CPU
		Debug|iPhone = Debug|iPhone
		Debug|iPhoneSimulator = Debug|iPhoneSimulator
		Release|Any CPU = Release|Any CPU
		Release|iPhone = Release|iPhone
		Release|iPhoneSimulator = Release|iPhoneSimulator
	EndGlobalSection
	GlobalSection(ProjectConfigurationPlatforms) = postSolution
		{2A16BB2F-1FDE-4A92-B5FA-86B197A85A14}.Ad-Hoc|Any CPU.ActiveCfg = Release|Any CPU
		{2A16BB2F-1FDE-4A92-B5FA-86B197A85A14}.Ad-Hoc|Any CPU.Build.0 = Release|Any CPU
		{2A16BB2F-1FDE-4A92-B5FA-86B197A85A14}.Ad-Hoc|Any CPU.Deploy.0 = Release|Any CPU
		{2A16BB2F-1FDE-4A92-B5FA-86B197A85A14}.Ad-Hoc|iPhone.ActiveCfg = Release|Any CPU
		{2A16BB2F-1FDE-4A92-B5FA-86B197A85A14}.Ad-Hoc|iPhone.Build.0 = Release|Any CPU
		{2A16BB2F-1FDE-4A92-B5FA-86B197A85A14}.Ad-Hoc|iPhone.Deploy.0 = Release|Any CPU
		{2A16BB2F-1FDE-4A92-B5FA-86B197A85A14}.Ad-Hoc|iPhoneSimulator.ActiveCfg = Release|Any CPU
		{2A16BB2F-1FDE-4A92-B5FA-86B197A85A14}.Ad-Hoc|iPhoneSimulator.Build.0 = Release|Any CPU
		{2A16BB2F-1FDE-4A92-B5FA-86B197A85A14}.Ad-Hoc|iPhoneSimulator.Deploy.0 = Release|Any CPU
		{2A16BB2F-1FDE-4A92-B5FA-86B197A85A14}.AppStore|Any CPU.ActiveCfg = Release|Any CPU
		{2A16BB2F-1FDE-4A92-B5FA-86B197A85A14}.AppStore|Any CPU.Build.0 = Release|Any CPU
		{2A16BB2F-1FDE-4A92-B5FA-86B197A85A14}.AppStore|Any CPU.Deploy.0 = Release|Any CPU
		{2A16BB2F-1FDE-4A92-B5FA-86B197A85A14}.AppStore|iPhone.ActiveCfg = Release|Any CPU
		{2A16BB2F-1FDE-4A92-B5FA-86B197A85A14}.AppStore|iPhone.Build.0 = Release|Any CPU
		{2A16BB2F-1FDE-4A92-B5FA-86B197A85A14}.AppStore|iPhone.Deploy.0 = Release|Any CPU
		{2A16BB2F-1FDE-4A92-B5FA-86B197A85A14}.AppStore|iPhoneSimulator.ActiveCfg = Release|Any CPU
		{2A16BB2F-1FDE-4A92-B5FA-86B197A85A14}.AppStore|iPhoneSimulator.Build.0 = Release|Any CPU
		{2A16BB2F-1FDE-4A92-B5FA-86B197A85A14}.AppStore|iPhoneSimulator.Deploy.0 = Release|Any CPU
		{2A16BB2F-1FDE-4A92-B5FA-86B197A85A14}.Debug|Any CPU.ActiveCfg = Debug|Any CPU
		{2A16BB2F-1FDE-4A92-B5FA-86B197A85A14}.Debug|Any CPU.Build.0 = Debug|Any CPU
		{2A16BB2F-1FDE-4A92-B5FA-86B197A85A14}.Debug|Any CPU.Deploy.0 = Debug|Any CPU
		{2A16BB2F-1FDE-4A92-B5FA-86B197A85A14}.Debug|iPhone.ActiveCfg = Debug|Any CPU
		{2A16BB2F-1FDE-4A92-B5FA-86B197A85A14}.Debug|iPhone.Build.0 = Debug|Any CPU
		{2A16BB2F-1FDE-4A92-B5FA-86B197A85A14}.Debug|iPhone.Deploy.0 = Debug|Any CPU
		{2A16BB2F-1FDE-4A92-B5FA-86B197A85A14}.Debug|iPhoneSimulator.ActiveCfg = Debug|Any CPU
		{2A16BB2F-1FDE-4A92-B5FA-86B197A85A14}.Debug|iPhoneSimulator.Build.0 = Debug|Any CPU
		{2A16BB2F-1FDE-4A92-B5FA-86B197A85A14}.Debug|iPhoneSimulator.Deploy.0 = Debug|Any CPU
		{2A16BB2F-1FDE-4A92-B5FA-86B197A85A14}.Release|Any CPU.ActiveCfg = Release|Any CPU
		{2A16BB2F-1FDE-4A92-B5FA-86B197A85A14}.Release|Any CPU.Build.0 = Release|Any CPU
		{2A16BB2F-1FDE-4A92-B5FA-86B197A85A14}.Release|Any CPU.Deploy.0 = Release|Any CPU
		{2A16BB2F-1FDE-4A92-B5FA-86B197A85A14}.Release|iPhone.ActiveCfg = Release|Any CPU
		{2A16BB2F-1FDE-4A92-B5FA-86B197A85A14}.Release|iPhone.Build.0 = Release|Any CPU
		{2A16BB2F-1FDE-4A92-B5FA-86B197A85A14}.Release|iPhone.Deploy.0 = Release|Any CPU
		{2A16BB2F-1FDE-4A92-B5FA-86B197A85A14}.Release|iPhoneSimulator.ActiveCfg = Release|Any CPU
		{2A16BB2F-1FDE-4A92-B5FA-86B197A85A14}.Release|iPhoneSimulator.Build.0 = Release|Any CPU
		{2A16BB2F-1FDE-4A92-B5FA-86B197A85A14}.Release|iPhoneSimulator.Deploy.0 = Release|Any CPU
		{A66EDF70-E230-4E42-B548-EE9775DEEC11}.Ad-Hoc|Any CPU.ActiveCfg = Ad-Hoc|iPhone
		{A66EDF70-E230-4E42-B548-EE9775DEEC11}.Ad-Hoc|Any CPU.Build.0 = Ad-Hoc|iPhone
		{A66EDF70-E230-4E42-B548-EE9775DEEC11}.Ad-Hoc|Any CPU.Deploy.0 = Ad-Hoc|iPhone
		{A66EDF70-E230-4E42-B548-EE9775DEEC11}.Ad-Hoc|iPhone.ActiveCfg = Ad-Hoc|iPhone
		{A66EDF70-E230-4E42-B548-EE9775DEEC11}.Ad-Hoc|iPhone.Build.0 = Ad-Hoc|iPhone
		{A66EDF70-E230-4E42-B548-EE9775DEEC11}.Ad-Hoc|iPhone.Deploy.0 = Ad-Hoc|iPhone
		{A66EDF70-E230-4E42-B548-EE9775DEEC11}.Ad-Hoc|iPhoneSimulator.ActiveCfg = Ad-Hoc|iPhoneSimulator
		{A66EDF70-E230-4E42-B548-EE9775DEEC11}.Ad-Hoc|iPhoneSimulator.Build.0 = Ad-Hoc|iPhoneSimulator
		{A66EDF70-E230-4E42-B548-EE9775DEEC11}.Ad-Hoc|iPhoneSimulator.Deploy.0 = Ad-Hoc|iPhoneSimulator
		{A66EDF70-E230-4E42-B548-EE9775DEEC11}.AppStore|Any CPU.ActiveCfg = AppStore|iPhone
		{A66EDF70-E230-4E42-B548-EE9775DEEC11}.AppStore|Any CPU.Build.0 = AppStore|iPhone
		{A66EDF70-E230-4E42-B548-EE9775DEEC11}.AppStore|Any CPU.Deploy.0 = AppStore|iPhone
		{A66EDF70-E230-4E42-B548-EE9775DEEC11}.AppStore|iPhone.ActiveCfg = AppStore|iPhone
		{A66EDF70-E230-4E42-B548-EE9775DEEC11}.AppStore|iPhone.Build.0 = AppStore|iPhone
		{A66EDF70-E230-4E42-B548-EE9775DEEC11}.AppStore|iPhone.Deploy.0 = AppStore|iPhone
		{A66EDF70-E230-4E42-B548-EE9775DEEC11}.AppStore|iPhoneSimulator.ActiveCfg = AppStore|iPhoneSimulator
		{A66EDF70-E230-4E42-B548-EE9775DEEC11}.AppStore|iPhoneSimulator.Build.0 = AppStore|iPhoneSimulator
		{A66EDF70-E230-4E42-B548-EE9775DEEC11}.AppStore|iPhoneSimulator.Deploy.0 = AppStore|iPhoneSimulator
		{A66EDF70-E230-4E42-B548-EE9775DEEC11}.Debug|Any CPU.ActiveCfg = Debug|iPhoneSimulator
		{A66EDF70-E230-4E42-B548-EE9775DEEC11}.Debug|Any CPU.Build.0 = Debug|iPhoneSimulator
		{A66EDF70-E230-4E42-B548-EE9775DEEC11}.Debug|Any CPU.Deploy.0 = Debug|iPhoneSimulator
		{A66EDF70-E230-4E42-B548-EE9775DEEC11}.Debug|iPhone.ActiveCfg = Debug|iPhone
		{A66EDF70-E230-4E42-B548-EE9775DEEC11}.Debug|iPhone.Build.0 = Debug|iPhone
		{A66EDF70-E230-4E42-B548-EE9775DEEC11}.Debug|iPhone.Deploy.0 = Debug|iPhone
		{A66EDF70-E230-4E42-B548-EE9775DEEC11}.Debug|iPhoneSimulator.ActiveCfg = Debug|iPhoneSimulator
		{A66EDF70-E230-4E42-B548-EE9775DEEC11}.Debug|iPhoneSimulator.Build.0 = Debug|iPhoneSimulator
		{A66EDF70-E230-4E42-B548-EE9775DEEC11}.Debug|iPhoneSimulator.Deploy.0 = Debug|iPhoneSimulator
		{A66EDF70-E230-4E42-B548-EE9775DEEC11}.Release|Any CPU.ActiveCfg = Release|iPhone
		{A66EDF70-E230-4E42-B548-EE9775DEEC11}.Release|Any CPU.Build.0 = Release|iPhone
		{A66EDF70-E230-4E42-B548-EE9775DEEC11}.Release|Any CPU.Deploy.0 = Release|iPhone
		{A66EDF70-E230-4E42-B548-EE9775DEEC11}.Release|iPhone.ActiveCfg = Release|iPhone
		{A66EDF70-E230-4E42-B548-EE9775DEEC11}.Release|iPhone.Build.0 = Release|iPhone
		{A66EDF70-E230-4E42-B548-EE9775DEEC11}.Release|iPhone.Deploy.0 = Release|iPhone
		{A66EDF70-E230-4E42-B548-EE9775DEEC11}.Release|iPhoneSimulator.ActiveCfg = Release|iPhoneSimulator
		{A66EDF70-E230-4E42-B548-EE9775DEEC11}.Release|iPhoneSimulator.Build.0 = Release|iPhoneSimulator
		{A66EDF70-E230-4E42-B548-EE9775DEEC11}.Release|iPhoneSimulator.Deploy.0 = Release|iPhoneSimulator
		{B379D10C-4EF6-4552-BF8A-E4B3456BEBD7}.Ad-Hoc|Any CPU.ActiveCfg = Debug|Any CPU
		{B379D10C-4EF6-4552-BF8A-E4B3456BEBD7}.Ad-Hoc|Any CPU.Build.0 = Debug|Any CPU
		{B379D10C-4EF6-4552-BF8A-E4B3456BEBD7}.Ad-Hoc|Any CPU.Deploy.0 = Debug|Any CPU
		{B379D10C-4EF6-4552-BF8A-E4B3456BEBD7}.Ad-Hoc|iPhone.ActiveCfg = Debug|Any CPU
		{B379D10C-4EF6-4552-BF8A-E4B3456BEBD7}.Ad-Hoc|iPhone.Build.0 = Debug|Any CPU
		{B379D10C-4EF6-4552-BF8A-E4B3456BEBD7}.Ad-Hoc|iPhone.Deploy.0 = Debug|Any CPU
		{B379D10C-4EF6-4552-BF8A-E4B3456BEBD7}.Ad-Hoc|iPhoneSimulator.ActiveCfg = Debug|Any CPU
		{B379D10C-4EF6-4552-BF8A-E4B3456BEBD7}.Ad-Hoc|iPhoneSimulator.Build.0 = Debug|Any CPU
		{B379D10C-4EF6-4552-BF8A-E4B3456BEBD7}.Ad-Hoc|iPhoneSimulator.Deploy.0 = Debug|Any CPU
		{B379D10C-4EF6-4552-BF8A-E4B3456BEBD7}.AppStore|Any CPU.ActiveCfg = Debug|Any CPU
		{B379D10C-4EF6-4552-BF8A-E4B3456BEBD7}.AppStore|Any CPU.Build.0 = Debug|Any CPU
		{B379D10C-4EF6-4552-BF8A-E4B3456BEBD7}.AppStore|Any CPU.Deploy.0 = Debug|Any CPU
		{B379D10C-4EF6-4552-BF8A-E4B3456BEBD7}.AppStore|iPhone.ActiveCfg = Debug|Any CPU
		{B379D10C-4EF6-4552-BF8A-E4B3456BEBD7}.AppStore|iPhone.Build.0 = Debug|Any CPU
		{B379D10C-4EF6-4552-BF8A-E4B3456BEBD7}.AppStore|iPhone.Deploy.0 = Debug|Any CPU
		{B379D10C-4EF6-4552-BF8A-E4B3456BEBD7}.AppStore|iPhoneSimulator.ActiveCfg = Debug|Any CPU
		{B379D10C-4EF6-4552-BF8A-E4B3456BEBD7}.AppStore|iPhoneSimulator.Build.0 = Debug|Any CPU
		{B379D10C-4EF6-4552-BF8A-E4B3456BEBD7}.AppStore|iPhoneSimulator.Deploy.0 = Debug|Any CPU
		{B379D10C-4EF6-4552-BF8A-E4B3456BEBD7}.Debug|Any CPU.ActiveCfg = Debug|Any CPU
		{B379D10C-4EF6-4552-BF8A-E4B3456BEBD7}.Debug|Any CPU.Build.0 = Debug|Any CPU
		{B379D10C-4EF6-4552-BF8A-E4B3456BEBD7}.Debug|Any CPU.Deploy.0 = Debug|Any CPU
		{B379D10C-4EF6-4552-BF8A-E4B3456BEBD7}.Debug|iPhone.ActiveCfg = Debug|Any CPU
		{B379D10C-4EF6-4552-BF8A-E4B3456BEBD7}.Debug|iPhone.Build.0 = Debug|Any CPU
		{B379D10C-4EF6-4552-BF8A-E4B3456BEBD7}.Debug|iPhone.Deploy.0 = Debug|Any CPU
		{B379D10C-4EF6-4552-BF8A-E4B3456BEBD7}.Debug|iPhoneSimulator.ActiveCfg = Debug|Any CPU
		{B379D10C-4EF6-4552-BF8A-E4B3456BEBD7}.Debug|iPhoneSimulator.Build.0 = Debug|Any CPU
		{B379D10C-4EF6-4552-BF8A-E4B3456BEBD7}.Debug|iPhoneSimulator.Deploy.0 = Debug|Any CPU
		{B379D10C-4EF6-4552-BF8A-E4B3456BEBD7}.Release|Any CPU.ActiveCfg = Release|Any CPU
		{B379D10C-4EF6-4552-BF8A-E4B3456BEBD7}.Release|Any CPU.Build.0 = Release|Any CPU
		{B379D10C-4EF6-4552-BF8A-E4B3456BEBD7}.Release|Any CPU.Deploy.0 = Release|Any CPU
		{B379D10C-4EF6-4552-BF8A-E4B3456BEBD7}.Release|iPhone.ActiveCfg = Release|Any CPU
		{B379D10C-4EF6-4552-BF8A-E4B3456BEBD7}.Release|iPhone.Build.0 = Release|Any CPU
		{B379D10C-4EF6-4552-BF8A-E4B3456BEBD7}.Release|iPhone.Deploy.0 = Release|Any CPU
		{B379D10C-4EF6-4552-BF8A-E4B3456BEBD7}.Release|iPhoneSimulator.ActiveCfg = Release|Any CPU
		{B379D10C-4EF6-4552-BF8A-E4B3456BEBD7}.Release|iPhoneSimulator.Build.0 = Release|Any CPU
		{B379D10C-4EF6-4552-BF8A-E4B3456BEBD7}.Release|iPhoneSimulator.Deploy.0 = Release|Any CPU
	EndGlobalSection
	GlobalSection(SolutionProperties) = preSolution
		HideSolutionNode = FALSE
	EndGlobalSection
	GlobalSection(ExtensibilityGlobals) = postSolution
		SolutionGuid = {42F250A6-21A3-4B92-B498-29FD83620CEF}
	EndGlobalSection
EndGlobal
